
Microsoft Visual Studio Solution File, Format Version 12.00
# Visual Studio Version 17
VisualStudioVersion = 17.0.31903.59
MinimumVisualStudioVersion = 10.0.40219.1
Project("{FAE04EC0-301F-11D3-BF4B-00C04F79EFBC}") = "Dima.Core", "Dima.Core\Dima.Core.csproj", "{3236CBBE-245F-438D-91EC-B41BF12295BB}"
EndProject
Project("{FAE04EC0-301F-11D3-BF4B-00C04F79EFBC}") = "Dima.Api", "Dima.Api\Dima.Api.csproj", "{49284028-7669-49A8-825C-2775D28C3536}"
EndProject
Project("{FAE04EC0-301F-11D3-BF4B-00C04F79EFBC}") = "Dima.Web", "Dima.Web\Dima.Web.csproj", "{C43895C3-5A04-4682-ACEC-D0C9BB78842C}"
EndProject
Global
	GlobalSection(SolutionConfigurationPlatforms) = preSolution
		Debug|Any CPU = Debug|Any CPU
		Release|Any CPU = Release|Any CPU
	EndGlobalSection
	GlobalSection(SolutionProperties) = preSolution
		HideSolutionNode = FALSE
	EndGlobalSection
	GlobalSection(ProjectConfigurationPlatforms) = postSolution
		{3236CBBE-245F-438D-91EC-B41BF12295BB}.Debug|Any CPU.ActiveCfg = Debug|Any CPU
		{3236CBBE-245F-438D-91EC-B41BF12295BB}.Debug|Any CPU.Build.0 = Debug|Any CPU
		{3236CBBE-245F-438D-91EC-B41BF12295BB}.Release|Any CPU.ActiveCfg = Release|Any CPU
		{3236CBBE-245F-438D-91EC-B41BF12295BB}.Release|Any CPU.Build.0 = Release|Any CPU
		{49284028-7669-49A8-825C-2775D28C3536}.Debug|Any CPU.ActiveCfg = Debug|Any CPU
		{49284028-7669-49A8-825C-2775D28C3536}.Debug|Any CPU.Build.0 = Debug|Any CPU
		{49284028-7669-49A8-825C-2775D28C3536}.Release|Any CPU.ActiveCfg = Release|Any CPU
		{49284028-7669-49A8-825C-2775D28C3536}.Release|Any CPU.Build.0 = Release|Any CPU
		{C43895C3-5A04-4682-ACEC-D0C9BB78842C}.Debug|Any CPU.ActiveCfg = Debug|Any CPU
		{C43895C3-5A04-4682-ACEC-D0C9BB78842C}.Debug|Any CPU.Build.0 = Debug|Any CPU
		{C43895C3-5A04-4682-ACEC-D0C9BB78842C}.Release|Any CPU.ActiveCfg = Release|Any CPU
		{C43895C3-5A04-4682-ACEC-D0C9BB78842C}.Release|Any CPU.Build.0 = Release|Any CPU
	EndGlobalSection
EndGlobal
